
Microsoft Visual Studio Solution File, Format Version 12.00
# Visual Studio Version 16
VisualStudioVersion = 16.0.31729.503
MinimumVisualStudioVersion = 10.0.40219.1
Project("{FAE04EC0-301F-11D3-BF4B-00C04F79EFBC}") = "Asp.NetCoreProject", "Asp.NetCoreProject\Asp.NetCoreProject.csproj", "{55438764-F610-4907-902F-FBFA35324BE7}"
EndProject
Project("{FAE04EC0-301F-11D3-BF4B-00C04F79EFBC}") = "EntityLayer", "EntityLayer\EntityLayer.csproj", "{76F16623-F62D-434B-8664-DC0EE7EE0EA7}"
EndProject
Project("{FAE04EC0-301F-11D3-BF4B-00C04F79EFBC}") = "DataAccessLayer", "DataAccessLayer\DataAccessLayer.csproj", "{39F3012D-7C99-455A-B87F-183C2FDE12EB}"
EndProject
Project("{FAE04EC0-301F-11D3-BF4B-00C04F79EFBC}") = "BusinessLayer", "BusinessLayer\BusinessLayer.csproj", "{F82C92C6-97CC-44BC-955D-C2F45E627CC4}"
EndProject
Project("{FAE04EC0-301F-11D3-BF4B-00C04F79EFBC}") = "CoreLayer", "CoreLayer\CoreLayer.csproj", "{50F7835A-DCB0-4BB1-BE12-6EA4E68710F0}"
EndProject
Global
	GlobalSection(SolutionConfigurationPlatforms) = preSolution
		Debug|Any CPU = Debug|Any CPU
		Release|Any CPU = Release|Any CPU
	EndGlobalSection
	GlobalSection(ProjectConfigurationPlatforms) = postSolution
		{55438764-F610-4907-902F-FBFA35324BE7}.Debug|Any CPU.ActiveCfg = Debug|Any CPU
		{55438764-F610-4907-902F-FBFA35324BE7}.Debug|Any CPU.Build.0 = Debug|Any CPU
		{55438764-F610-4907-902F-FBFA35324BE7}.Release|Any CPU.ActiveCfg = Release|Any CPU
		{55438764-F610-4907-902F-FBFA35324BE7}.Release|Any CPU.Build.0 = Release|Any CPU
		{76F16623-F62D-434B-8664-DC0EE7EE0EA7}.Debug|Any CPU.ActiveCfg = Debug|Any CPU
		{76F16623-F62D-434B-8664-DC0EE7EE0EA7}.Debug|Any CPU.Build.0 = Debug|Any CPU
		{76F16623-F62D-434B-8664-DC0EE7EE0EA7}.Release|Any CPU.ActiveCfg = Release|Any CPU
		{76F16623-F62D-434B-8664-DC0EE7EE0EA7}.Release|Any CPU.Build.0 = Release|Any CPU
		{39F3012D-7C99-455A-B87F-183C2FDE12EB}.Debug|Any CPU.ActiveCfg = Debug|Any CPU
		{39F3012D-7C99-455A-B87F-183C2FDE12EB}.Debug|Any CPU.Build.0 = Debug|Any CPU
		{39F3012D-7C99-455A-B87F-183C2FDE12EB}.Release|Any CPU.ActiveCfg = Release|Any CPU
		{39F3012D-7C99-455A-B87F-183C2FDE12EB}.Release|Any CPU.Build.0 = Release|Any CPU
		{F82C92C6-97CC-44BC-955D-C2F45E627CC4}.Debug|Any CPU.ActiveCfg = Debug|Any CPU
		{F82C92C6-97CC-44BC-955D-C2F45E627CC4}.Debug|Any CPU.Build.0 = Debug|Any CPU
		{F82C92C6-97CC-44BC-955D-C2F45E627CC4}.Release|Any CPU.ActiveCfg = Release|Any CPU
		{F82C92C6-97CC-44BC-955D-C2F45E627CC4}.Release|Any CPU.Build.0 = Release|Any CPU
		{50F7835A-DCB0-4BB1-BE12-6EA4E68710F0}.Debug|Any CPU.ActiveCfg = Debug|Any CPU
		{50F7835A-DCB0-4BB1-BE12-6EA4E68710F0}.Debug|Any CPU.Build.0 = Debug|Any CPU
		{50F7835A-DCB0-4BB1-BE12-6EA4E68710F0}.Release|Any CPU.ActiveCfg = Release|Any CPU
		{50F7835A-DCB0-4BB1-BE12-6EA4E68710F0}.Release|Any CPU.Build.0 = Release|Any CPU
	EndGlobalSection
	GlobalSection(SolutionProperties) = preSolution
		HideSolutionNode = FALSE
	EndGlobalSection
	GlobalSection(ExtensibilityGlobals) = postSolution
		SolutionGuid = {11C6D80C-42D4-4B58-AF38-E469E1868C38}
	EndGlobalSection
EndGlobal
